
Microsoft Visual Studio Solution File, Format Version 12.00
# Visual Studio Version 16
VisualStudioVersion = 16.0.31112.23
MinimumVisualStudioVersion = 10.0.40219.1
Project("{9A19103F-16F7-4668-BE54-9A1E7A4F7556}") = "Core", "Core\Core.csproj", "{B8867210-1E4C-4DBB-9DC0-6FB7502EE7DA}"
EndProject
Project("{9A19103F-16F7-4668-BE54-9A1E7A4F7556}") = "Entities", "Entities\Entities.csproj", "{78DB551B-A1B9-4840-944F-B395B64A09FD}"
EndProject
Project("{9A19103F-16F7-4668-BE54-9A1E7A4F7556}") = "DataAccess", "DataAccess\DataAccess.csproj", "{065B4F33-50B2-42F8-899D-A57B03B4C5EE}"
EndProject
Project("{9A19103F-16F7-4668-BE54-9A1E7A4F7556}") = "Business", "Business\Business.csproj", "{468FC19E-A5AA-4550-A9A1-1A105B5BF38D}"
EndProject
Project("{FAE04EC0-301F-11D3-BF4B-00C04F79EFBC}") = "WebAPI", "WebAPI\WebAPI.csproj", "{59CB7463-E799-41A0-B78F-6995F7E1C2DF}"
EndProject
Global
	GlobalSection(SolutionConfigurationPlatforms) = preSolution
		Debug|Any CPU = Debug|Any CPU
		Release|Any CPU = Release|Any CPU
	EndGlobalSection
	GlobalSection(ProjectConfigurationPlatforms) = postSolution
		{B8867210-1E4C-4DBB-9DC0-6FB7502EE7DA}.Debug|Any CPU.ActiveCfg = Debug|Any CPU
		{B8867210-1E4C-4DBB-9DC0-6FB7502EE7DA}.Debug|Any CPU.Build.0 = Debug|Any CPU
		{B8867210-1E4C-4DBB-9DC0-6FB7502EE7DA}.Release|Any CPU.ActiveCfg = Release|Any CPU
		{B8867210-1E4C-4DBB-9DC0-6FB7502EE7DA}.Release|Any CPU.Build.0 = Release|Any CPU
		{78DB551B-A1B9-4840-944F-B395B64A09FD}.Debug|Any CPU.ActiveCfg = Debug|Any CPU
		{78DB551B-A1B9-4840-944F-B395B64A09FD}.Debug|Any CPU.Build.0 = Debug|Any CPU
		{78DB551B-A1B9-4840-944F-B395B64A09FD}.Release|Any CPU.ActiveCfg = Release|Any CPU
		{78DB551B-A1B9-4840-944F-B395B64A09FD}.Release|Any CPU.Build.0 = Release|Any CPU
		{065B4F33-50B2-42F8-899D-A57B03B4C5EE}.Debug|Any CPU.ActiveCfg = Debug|Any CPU
		{065B4F33-50B2-42F8-899D-A57B03B4C5EE}.Debug|Any CPU.Build.0 = Debug|Any CPU
		{065B4F33-50B2-42F8-899D-A57B03B4C5EE}.Release|Any CPU.ActiveCfg = Release|Any CPU
		{065B4F33-50B2-42F8-899D-A57B03B4C5EE}.Release|Any CPU.Build.0 = Release|Any CPU
		{468FC19E-A5AA-4550-A9A1-1A105B5BF38D}.Debug|Any CPU.ActiveCfg = Debug|Any CPU
		{468FC19E-A5AA-4550-A9A1-1A105B5BF38D}.Debug|Any CPU.Build.0 = Debug|Any CPU
		{468FC19E-A5AA-4550-A9A1-1A105B5BF38D}.Release|Any CPU.ActiveCfg = Release|Any CPU
		{468FC19E-A5AA-4550-A9A1-1A105B5BF38D}.Release|Any CPU.Build.0 = Release|Any CPU
		{59CB7463-E799-41A0-B78F-6995F7E1C2DF}.Debug|Any CPU.ActiveCfg = Debug|Any CPU
		{59CB7463-E799-41A0-B78F-6995F7E1C2DF}.Debug|Any CPU.Build.0 = Debug|Any CPU
		{59CB7463-E799-41A0-B78F-6995F7E1C2DF}.Release|Any CPU.ActiveCfg = Release|Any CPU
		{59CB7463-E799-41A0-B78F-6995F7E1C2DF}.Release|Any CPU.Build.0 = Release|Any CPU
	EndGlobalSection
	GlobalSection(SolutionProperties) = preSolution
		HideSolutionNode = FALSE
	EndGlobalSection
	GlobalSection(ExtensibilityGlobals) = postSolution
		SolutionGuid = {80CDE538-AAF6-4555-BD38-0BAA0B9FC729}
	EndGlobalSection
EndGlobal
